<Solution>
  <Folder Name="/src/">
    <Project Path="src/VideoCuts.Cli/VideoCuts.Cli.csproj" />
    <Project Path="src/VideoCuts.Core/VideoCuts.Core.csproj" />
    <Project Path="src/VideoCuts.Infrastructure/VideoCuts.Infrastructure.csproj" />
    <Project Path="src/VideoCuts.Worker/VideoCuts.Worker.csproj" />
  </Folder>
</Solution>
